// !$*UTF8*$!
{
	archiveVersion = 1;
	classes = {
	};
	objectVersion = 56;
	objects = {

/* Begin PBXBuildFile section */
		B25E2DC428EB69CB0004537D /* AppDelegate.swift in Sources */ = {isa = PBXBuildFile; fileRef = B25E2DC328EB69CB0004537D /* AppDelegate.swift */; };
		B25E2DC628EB69CB0004537D /* SceneDelegate.swift in Sources */ = {isa = PBXBuildFile; fileRef = B25E2DC528EB69CB0004537D /* SceneDelegate.swift */; };
		B25E2DC828EB69CB0004537D /* ViewController.swift in Sources */ = {isa = PBXBuildFile; fileRef = B25E2DC728EB69CB0004537D /* ViewController.swift */; };
		B25E2DCB28EB69CB0004537D /* Main.storyboard in Resources */ = {isa = PBXBuildFile; fileRef = B25E2DC928EB69CB0004537D /* Main.storyboard */; };
		B25E2DCD28EB69CD0004537D /* Assets.xcassets in Resources */ = {isa = PBXBuildFile; fileRef = B25E2DCC28EB69CD0004537D /* Assets.xcassets */; };
		B25E2DD028EB69CD0004537D /* LaunchScreen.storyboard in Resources */ = {isa = PBXBuildFile; fileRef = B25E2DCE28EB69CD0004537D /* LaunchScreen.storyboard */; };
		B25E2DDB28EB69CD0004537D /* ParstagramTests.swift in Sources */ = {isa = PBXBuildFile; fileRef = B25E2DDA28EB69CD0004537D /* ParstagramTests.swift */; };
		B25E2DE528EB69CD0004537D /* ParstagramUITests.swift in Sources */ = {isa = PBXBuildFile; fileRef = B25E2DE428EB69CD0004537D /* ParstagramUITests.swift */; };
		B25E2DE728EB69CD0004537D /* ParstagramUITestsLaunchTests.swift in Sources */ = {isa = PBXBuildFile; fileRef = B25E2DE628EB69CD0004537D /* ParstagramUITestsLaunchTests.swift */; };
/* End PBXBuildFile section */

/* Begin PBXContainerItemProxy section */
		B25E2DD728EB69CD0004537D /* PBXContainerItemProxy */ = {
			isa = PBXContainerItemProxy;
			containerPortal = B25E2DB828EB69CB0004537D /* Project object */;
			proxyType = 1;
			remoteGlobalIDString = B25E2DBF28EB69CB0004537D;
			remoteInfo = Parstagram;
		};
		B25E2DE128EB69CD0004537D /* PBXContainerItemProxy */ = {
			isa = PBXContainerItemProxy;
			containerPortal = B25E2DB828EB69CB0004537D /* Project object */;
			proxyType = 1;
			remoteGlobalIDString = B25E2DBF28EB69CB0004537D;
			remoteInfo = Parstagram;
		};
/* End PBXContainerItemProxy section */

/* Begin PBXFileReference section */
		B25E2DC028EB69CB0004537D /* Parstagram.app */ = {isa = PBXFileReference; explicitFileType = wrapper.application; includeInIndex = 0; path = Parstagram.app; sourceTree = BUILT_PRODUCTS_DIR; };
		B25E2DC328EB69CB0004537D /* AppDelegate.swift */ = {isa = PBXFileReference; lastKnownFileType = sourcecode.swift; path = AppDelegate.swift; sourceTree = "<group>"; };
		B25E2DC528EB69CB0004537D /* SceneDelegate.swift */ = {isa = PBXFileReference; lastKnownFileType = sourcecode.swift; path = SceneDelegate.swift; sourceTree = "<group>"; };
		B25E2DC728EB69CB0004537D /* ViewController.swift */ = {isa = PBXFileReference; lastKnownFileType = sourcecode.swift; path = ViewController.swift; sourceTree = "<group>"; };
		B25E2DCA28EB69CB0004537D /* Base */ = {isa = PBXFileReference; lastKnownFileType = file.storyboard; name = Base; path = Base.lproj/Main.storyboard; sourceTree = "<group>"; };
		B25E2DCC28EB69CD0004537D /* Assets.xcassets */ = {isa = PBXFileReference; lastKnownFileType = folder.assetcatalog; path = Assets.xcassets; sourceTree = "<group>"; };
		B25E2DCF28EB69CD0004537D /* Base */ = {isa = PBXFileReference; lastKnownFileType = file.storyboard; name = Base; path = Base.lproj/LaunchScreen.storyboard; sourceTree = "<group>"; };
		B25E2DD128EB69CD0004537D /* Info.plist */ = {isa = PBXFileReference; lastKnownFileType = text.plist.xml; path = Info.plist; sourceTree = "<group>"; };
		B25E2DD628EB69CD0004537D /* ParstagramTests.xctest */ = {isa = PBXFileReference; explicitFileType = wrapper.cfbundle; includeInIndex = 0; path = ParstagramTests.xctest; sourceTree = BUILT_PRODUCTS_DIR; };
		B25E2DDA28EB69CD0004537D /* ParstagramTests.swift */ = {isa = PBXFileReference; lastKnownFileType = sourcecode.swift; path = ParstagramTests.swift; sourceTree = "<group>"; };
		B25E2DE028EB69CD0004537D /* ParstagramUITests.xctest */ = {isa = PBXFileReference; explicitFileType = wrapper.cfbundle; includeInIndex = 0; path = ParstagramUITests.xctest; sourceTree = BUILT_PRODUCTS_DIR; };
		B25E2DE428EB69CD0004537D /* ParstagramUITests.swift */ = {isa = PBXFileReference; lastKnownFileType = sourcecode.swift; path = ParstagramUITests.swift; sourceTree = "<group>"; };
		B25E2DE628EB69CD0004537D /* ParstagramUITestsLaunchTests.swift */ = {isa = PBXFileReference; lastKnownFileType = sourcecode.swift; path = ParstagramUITestsLaunchTests.swift; sourceTree = "<group>"; };
/* End PBXFileReference section */

/* Begin PBXFrameworksBuildPhase section */
		B25E2DBD28EB69CB0004537D /* Frameworks */ = {
			isa = PBXFrameworksBuildPhase;
			buildActionMask = 2147483647;
			files = (
			);
			runOnlyForDeploymentPostprocessing = 0;
		};
		B25E2DD328EB69CD0004537D /* Frameworks */ = {
			isa = PBXFrameworksBuildPhase;
			buildActionMask = 2147483647;
			files = (
			);
			runOnlyForDeploymentPostprocessing = 0;
		};
		B25E2DDD28EB69CD0004537D /* Frameworks */ = {
			isa = PBXFrameworksBuildPhase;
			buildActionMask = 2147483647;
			files = (
			);
			runOnlyForDeploymentPostprocessing = 0;
		};
/* End PBXFrameworksBuildPhase section */

/* Begin PBXGroup section */
		B25E2DB728EB69CB0004537D = {
			isa = PBXGroup;
			children = (
				B25E2DC228EB69CB0004537D /* Parstagram */,
				B25E2DD928EB69CD0004537D /* ParstagramTests */,
				B25E2DE328EB69CD0004537D /* ParstagramUITests */,
				B25E2DC128EB69CB0004537D /* Products */,
			);
			sourceTree = "<group>";
		};
		B25E2DC128EB69CB0004537D /* Products */ = {
			isa = PBXGroup;
			children = (
				B25E2DC028EB69CB0004537D /* Parstagram.app */,
				B25E2DD628EB69CD0004537D /* ParstagramTests.xctest */,
				B25E2DE028EB69CD0004537D /* ParstagramUITests.xctest */,
			);
			name = Products;
			sourceTree = "<group>";
		};
		B25E2DC228EB69CB0004537D /* Parstagram */ = {
			isa = PBXGroup;
			children = (
				B25E2DC328EB69CB0004537D /* AppDelegate.swift */,
				B25E2DC528EB69CB0004537D /* SceneDelegate.swift */,
				B25E2DC728EB69CB0004537D /* ViewController.swift */,
				B25E2DC928EB69CB0004537D /* Main.storyboard */,
				B25E2DCC28EB69CD0004537D /* Assets.xcassets */,
				B25E2DCE28EB69CD0004537D /* LaunchScreen.storyboard */,
				B25E2DD128EB69CD0004537D /* Info.plist */,
			);
			path = Parstagram;
			sourceTree = "<group>";
		};
		B25E2DD928EB69CD0004537D /* ParstagramTests */ = {
			isa = PBXGroup;
			children = (
				B25E2DDA28EB69CD0004537D /* ParstagramTests.swift */,
			);
			path = ParstagramTests;
			sourceTree = "<group>";
		};
		B25E2DE328EB69CD0004537D /* ParstagramUITests */ = {
			isa = PBXGroup;
			children = (
				B25E2DE428EB69CD0004537D /* ParstagramUITests.swift */,
				B25E2DE628EB69CD0004537D /* ParstagramUITestsLaunchTests.swift */,
			);
			path = ParstagramUITests;
			sourceTree = "<group>";
		};
/* End PBXGroup section */

/* Begin PBXNativeTarget section */
		B25E2DBF28EB69CB0004537D /* Parstagram */ = {
			isa = PBXNativeTarget;
			buildConfigurationList = B25E2DEA28EB69CD0004537D /* Build configuration list for PBXNativeTarget "Parstagram" */;
			buildPhases = (
				B25E2DBC28EB69CB0004537D /* Sources */,
				B25E2DBD28EB69CB0004537D /* Frameworks */,
				B25E2DBE28EB69CB0004537D /* Resources */,
			);
			buildRules = (
			);
			dependencies = (
			);
			name = Parstagram;
			productName = Parstagram;
			productReference = B25E2DC028EB69CB0004537D /* Parstagram.app */;
			productType = "com.apple.product-type.application";
		};
		B25E2DD528EB69CD0004537D /* ParstagramTests */ = {
			isa = PBXNativeTarget;
			buildConfigurationList = B25E2DED28EB69CD0004537D /* Build configuration list for PBXNativeTarget "ParstagramTests" */;
			buildPhases = (
				B25E2DD228EB69CD0004537D /* Sources */,
				B25E2DD328EB69CD0004537D /* Frameworks */,
				B25E2DD428EB69CD0004537D /* Resources */,
			);
			buildRules = (
			);
			dependencies = (
				B25E2DD828EB69CD0004537D /* PBXTargetDependency */,
			);
			name = ParstagramTests;
			productName = ParstagramTests;
			productReference = B25E2DD628EB69CD0004537D /* ParstagramTests.xctest */;
			productType = "com.apple.product-type.bundle.unit-test";
		};
		B25E2DDF28EB69CD0004537D /* ParstagramUITests */ = {
			isa = PBXNativeTarget;
			buildConfigurationList = B25E2DF028EB69CD0004537D /* Build configuration list for PBXNativeTarget "ParstagramUITests" */;
			buildPhases = (
				B25E2DDC28EB69CD0004537D /* Sources */,
				B25E2DDD28EB69CD0004537D /* Frameworks */,
				B25E2DDE28EB69CD0004537D /* Resources */,
			);
			buildRules = (
			);
			dependencies = (
				B25E2DE228EB69CD0004537D /* PBXTargetDependency */,
			);
			name = ParstagramUITests;
			productName = ParstagramUITests;
			productReference = B25E2DE028EB69CD0004537D /* ParstagramUITests.xctest */;
			productType = "com.apple.product-type.bundle.ui-testing";
		};
/* End PBXNativeTarget section */

/* Begin PBXProject section */
		B25E2DB828EB69CB0004537D /* Project object */ = {
			isa = PBXProject;
			attributes = {
				BuildIndependentTargetsInParallel = 1;
				LastSwiftUpdateCheck = 1400;
				LastUpgradeCheck = 1400;
				TargetAttributes = {
					B25E2DBF28EB69CB0004537D = {
						CreatedOnToolsVersion = 14.0.1;
					};
					B25E2DD528EB69CD0004537D = {
						CreatedOnToolsVersion = 14.0.1;
						TestTargetID = B25E2DBF28EB69CB0004537D;
					};
					B25E2DDF28EB69CD0004537D = {
						CreatedOnToolsVersion = 14.0.1;
						TestTargetID = B25E2DBF28EB69CB0004537D;
					};
				};
			};
			buildConfigurationList = B25E2DBB28EB69CB0004537D /* Build configuration list for PBXProject "Parstagram" */;
			compatibilityVersion = "Xcode 14.0";
			developmentRegion = en;
			hasScannedForEncodings = 0;
			knownRegions = (
				en,
				Base,
			);
			mainGroup = B25E2DB728EB69CB0004537D;
			productRefGroup = B25E2DC128EB69CB0004537D /* Products */;
			projectDirPath = "";
			projectRoot = "";
			targets = (
				B25E2DBF28EB69CB0004537D /* Parstagram */,
				B25E2DD528EB69CD0004537D /* ParstagramTests */,
				B25E2DDF28EB69CD0004537D /* ParstagramUITests */,
			);
		};
/* End PBXProject section */

/* Begin PBXResourcesBuildPhase section */
		B25E2DBE28EB69CB0004537D /* Resources */ = {
			isa = PBXResourcesBuildPhase;
			buildActionMask = 2147483647;
			files = (
				B25E2DD028EB69CD0004537D /* LaunchScreen.storyboard in Resources */,
				B25E2DCD28EB69CD0004537D /* Assets.xcassets in Resources */,
				B25E2DCB28EB69CB0004537D /* Main.storyboard in Resources */,
			);
			runOnlyForDeploymentPostprocessing = 0;
		};
		B25E2DD428EB69CD0004537D /* Resources */ = {
			isa = PBXResourcesBuildPhase;
			buildActionMask = 2147483647;
			files = (
			);
			runOnlyForDeploymentPostprocessing = 0;
		};
		B25E2DDE28EB69CD0004537D /* Resources */ = {
			isa = PBXResourcesBuildPhase;
			buildActionMask = 2147483647;
			files = (
			);
			runOnlyForDeploymentPostprocessing = 0;
		};
/* End PBXResourcesBuildPhase section */

/* Begin PBXSourcesBuildPhase section */
		B25E2DBC28EB69CB0004537D /* Sources */ = {
			isa = PBXSourcesBuildPhase;
			buildActionMask = 2147483647;
			files = (
				B25E2DC828EB69CB0004537D /* ViewController.swift in Sources */,
				B25E2DC428EB69CB0004537D /* AppDelegate.swift in Sources */,
				B25E2DC628EB69CB0004537D /* SceneDelegate.swift in Sources */,
			);
			runOnlyForDeploymentPostprocessing = 0;
		};
		B25E2DD228EB69CD0004537D /* Sources */ = {
			isa = PBXSourcesBuildPhase;
			buildActionMask = 2147483647;
			files = (
				B25E2DDB28EB69CD0004537D /* ParstagramTests.swift in Sources */,
			);
			runOnlyForDeploymentPostprocessing = 0;
		};
		B25E2DDC28EB69CD0004537D /* Sources */ = {
			isa = PBXSourcesBuildPhase;
			buildActionMask = 2147483647;
			files = (
				B25E2DE728EB69CD0004537D /* ParstagramUITestsLaunchTests.swift in Sources */,
				B25E2DE528EB69CD0004537D /* ParstagramUITests.swift in Sources */,
			);
			runOnlyForDeploymentPostprocessing = 0;
		};
/* End PBXSourcesBuildPhase section */

/* Begin PBXTargetDependency section */
		B25E2DD828EB69CD0004537D /* PBXTargetDependency */ = {
			isa = PBXTargetDependency;
			target = B25E2DBF28EB69CB0004537D /* Parstagram */;
			targetProxy = B25E2DD728EB69CD0004537D /* PBXContainerItemProxy */;
		};
		B25E2DE228EB69CD0004537D /* PBXTargetDependency */ = {
			isa = PBXTargetDependency;
			target = B25E2DBF28EB69CB0004537D /* Parstagram */;
			targetProxy = B25E2DE128EB69CD0004537D /* PBXContainerItemProxy */;
		};
/* End PBXTargetDependency section */

/* Begin PBXVariantGroup section */
		B25E2DC928EB69CB0004537D /* Main.storyboard */ = {
			isa = PBXVariantGroup;
			children = (
				B25E2DCA28EB69CB0004537D /* Base */,
			);
			name = Main.storyboard;
			sourceTree = "<group>";
		};
		B25E2DCE28EB69CD0004537D /* LaunchScreen.storyboard */ = {
			isa = PBXVariantGroup;
			children = (
				B25E2DCF28EB69CD0004537D /* Base */,
			);
			name = LaunchScreen.storyboard;
			sourceTree = "<group>";
		};
/* End PBXVariantGroup section */

/* Begin XCBuildConfiguration section */
		B25E2DE828EB69CD0004537D /* Debug */ = {
			isa = XCBuildConfiguration;
			buildSettings = {
				ALWAYS_SEARCH_USER_PATHS = NO;
				CLANG_ANALYZER_NONNULL = YES;
				CLANG_ANALYZER_NUMBER_OBJECT_CONVERSION = YES_AGGRESSIVE;
				CLANG_CXX_LANGUAGE_STANDARD = "gnu++20";
				CLANG_ENABLE_MODULES = YES;
				CLANG_ENABLE_OBJC_ARC = YES;
				CLANG_ENABLE_OBJC_WEAK = YES;
				CLANG_WARN_BLOCK_CAPTURE_AUTORELEASING = YES;
				CLANG_WARN_BOOL_CONVERSION = YES;
				CLANG_WARN_COMMA = YES;
				CLANG_WARN_CONSTANT_CONVERSION = YES;
				CLANG_WARN_DEPRECATED_OBJC_IMPLEMENTATIONS = YES;
				CLANG_WARN_DIRECT_OBJC_ISA_USAGE = YES_ERROR;
				CLANG_WARN_DOCUMENTATION_COMMENTS = YES;
				CLANG_WARN_EMPTY_BODY = YES;
				CLANG_WARN_ENUM_CONVERSION = YES;
				CLANG_WARN_INFINITE_RECURSION = YES;
				CLANG_WARN_INT_CONVERSION = YES;
				CLANG_WARN_NON_LITERAL_NULL_CONVERSION = YES;
				CLANG_WARN_OBJC_IMPLICIT_RETAIN_SELF = YES;
				CLANG_WARN_OBJC_LITERAL_CONVERSION = YES;
				CLANG_WARN_OBJC_ROOT_CLASS = YES_ERROR;
				CLANG_WARN_QUOTED_INCLUDE_IN_FRAMEWORK_HEADER = YES;
				CLANG_WARN_RANGE_LOOP_ANALYSIS = YES;
				CLANG_WARN_STRICT_PROTOTYPES = YES;
				CLANG_WARN_SUSPICIOUS_MOVE = YES;
				CLANG_WARN_UNGUARDED_AVAILABILITY = YES_AGGRESSIVE;
				CLANG_WARN_UNREACHABLE_CODE = YES;
				CLANG_WARN__DUPLICATE_METHOD_MATCH = YES;
				COPY_PHASE_STRIP = NO;
				DEBUG_INFORMATION_FORMAT = dwarf;
				ENABLE_STRICT_OBJC_MSGSEND = YES;
				ENABLE_TESTABILITY = YES;
				GCC_C_LANGUAGE_STANDARD = gnu11;
				GCC_DYNAMIC_NO_PIC = NO;
				GCC_NO_COMMON_BLOCKS = YES;
				GCC_OPTIMIZATION_LEVEL = 0;
				GCC_PREPROCESSOR_DEFINITIONS = (
					"DEBUG=1",
					"$(inherited)",
				);
				GCC_WARN_64_TO_32_BIT_CONVERSION = YES;
				GCC_WARN_ABOUT_RETURN_TYPE = YES_ERROR;
				GCC_WARN_UNDECLARED_SELECTOR = YES;
				GCC_WARN_UNINITIALIZED_AUTOS = YES_AGGRESSIVE;
				GCC_WARN_UNUSED_FUNCTION = YES;
				GCC_WARN_UNUSED_VARIABLE = YES;
				IPHONEOS_DEPLOYMENT_TARGET = 16.0;
				MTL_ENABLE_DEBUG_INFO = INCLUDE_SOURCE;
				MTL_FAST_MATH = YES;
				ONLY_ACTIVE_ARCH = YES;
				SDKROOT = iphoneos;
				SWIFT_ACTIVE_COMPILATION_CONDITIONS = DEBUG;
				SWIFT_OPTIMIZATION_LEVEL = "-Onone";
			};
			name = Debug;
		};
		B25E2DE928EB69CD0004537D /* Release */ = {
			isa = XCBuildConfiguration;
			buildSettings = {
				ALWAYS_SEARCH_USER_PATHS = NO;
				CLANG_ANALYZER_NONNULL = YES;
				CLANG_ANALYZER_NUMBER_OBJECT_CONVERSION = YES_AGGRESSIVE;
				CLANG_CXX_LANGUAGE_STANDARD = "gnu++20";
				CLANG_ENABLE_MODULES = YES;
				CLANG_ENABLE_OBJC_ARC = YES;
				CLANG_ENABLE_OBJC_WEAK = YES;
				CLANG_WARN_BLOCK_CAPTURE_AUTORELEASING = YES;
				CLANG_WARN_BOOL_CONVERSION = YES;
				CLANG_WARN_COMMA = YES;
				CLANG_WARN_CONSTANT_CONVERSION = YES;
				CLANG_WARN_DEPRECATED_OBJC_IMPLEMENTATIONS = YES;
				CLANG_WARN_DIRECT_OBJC_ISA_USAGE = YES_ERROR;
				CLANG_WARN_DOCUMENTATION_COMMENTS = YES;
				CLANG_WARN_EMPTY_BODY = YES;
				CLANG_WARN_ENUM_CONVERSION = YES;
				CLANG_WARN_INFINITE_RECURSION = YES;
				CLANG_WARN_INT_CONVERSION = YES;
				CLANG_WARN_NON_LITERAL_NULL_CONVERSION = YES;
				CLANG_WARN_OBJC_IMPLICIT_RETAIN_SELF = YES;
				CLANG_WARN_OBJC_LITERAL_CONVERSION = YES;
				CLANG_WARN_OBJC_ROOT_CLASS = YES_ERROR;
				CLANG_WARN_QUOTED_INCLUDE_IN_FRAMEWORK_HEADER = YES;
				CLANG_WARN_RANGE_LOOP_ANALYSIS = YES;
				CLANG_WARN_STRICT_PROTOTYPES = YES;
				CLANG_WARN_SUSPICIOUS_MOVE = YES;
				CLANG_WARN_UNGUARDED_AVAILABILITY = YES_AGGRESSIVE;
				CLANG_WARN_UNREACHABLE_CODE = YES;
				CLANG_WARN__DUPLICATE_METHOD_MATCH = YES;
				COPY_PHASE_STRIP = NO;
				DEBUG_INFORMATION_FORMAT = "dwarf-with-dsym";
				ENABLE_NS_ASSERTIONS = NO;
				ENABLE_STRICT_OBJC_MSGSEND = YES;
				GCC_C_LANGUAGE_STANDARD = gnu11;
				GCC_NO_COMMON_BLOCKS = YES;
				GCC_WARN_64_TO_32_BIT_CONVERSION = YES;
				GCC_WARN_ABOUT_RETURN_TYPE = YES_ERROR;
				GCC_WARN_UNDECLARED_SELECTOR = YES;
				GCC_WARN_UNINITIALIZED_AUTOS = YES_AGGRESSIVE;
				GCC_WARN_UNUSED_FUNCTION = YES;
				GCC_WARN_UNUSED_VARIABLE = YES;
				IPHONEOS_DEPLOYMENT_TARGET = 16.0;
				MTL_ENABLE_DEBUG_INFO = NO;
				MTL_FAST_MATH = YES;
				SDKROOT = iphoneos;
				SWIFT_COMPILATION_MODE = wholemodule;
				SWIFT_OPTIMIZATION_LEVEL = "-O";
				VALIDATE_PRODUCT = YES;
			};
			name = Release;
		};
		B25E2DEB28EB69CD0004537D /* Debug */ = {
			isa = XCBuildConfiguration;
			buildSettings = {
				ASSETCATALOG_COMPILER_APPICON_NAME = AppIcon;
				ASSETCATALOG_COMPILER_GLOBAL_ACCENT_COLOR_NAME = AccentColor;
				CODE_SIGN_STYLE = Automatic;
				CURRENT_PROJECT_VERSION = 1;
				DEVELOPMENT_TEAM = DGBF225939;
				GENERATE_INFOPLIST_FILE = YES;
				INFOPLIST_FILE = Parstagram/Info.plist;
				INFOPLIST_KEY_UIApplicationSupportsIndirectInputEvents = YES;
				INFOPLIST_KEY_UILaunchStoryboardName = LaunchScreen;
				INFOPLIST_KEY_UIMainStoryboardFile = Main;
				INFOPLIST_KEY_UISupportedInterfaceOrientations_iPad = "UIInterfaceOrientationPortrait UIInterfaceOrientationPortraitUpsideDown UIInterfaceOrientationLandscapeLeft UIInterfaceOrientationLandscapeRight";
				INFOPLIST_KEY_UISupportedInterfaceOrientations_iPhone = "UIInterfaceOrientationPortrait UIInterfaceOrientationLandscapeLeft UIInterfaceOrientationLandscapeRight";
				LD_RUNPATH_SEARCH_PATHS = (
					"$(inherited)",
					"@executable_path/Frameworks",
				);
				MARKETING_VERSION = 1.0;
				PRODUCT_BUNDLE_IDENTIFIER = com.peytondillonadkins.Parstagram;
				PRODUCT_NAME = "$(TARGET_NAME)";
				SWIFT_EMIT_LOC_STRINGS = YES;
				SWIFT_VERSION = 5.0;
				TARGETED_DEVICE_FAMILY = "1,2";
			};
			name = Debug;
		};
		B25E2DEC28EB69CD0004537D /* Release */ = {
			isa = XCBuildConfiguration;
			buildSettings = {
				ASSETCATALOG_COMPILER_APPICON_NAME = AppIcon;
				ASSETCATALOG_COMPILER_GLOBAL_ACCENT_COLOR_NAME = AccentColor;
				CODE_SIGN_STYLE = Automatic;
				CURRENT_PROJECT_VERSION = 1;
				DEVELOPMENT_TEAM = DGBF225939;
				GENERATE_INFOPLIST_FILE = YES;
				INFOPLIST_FILE = Parstagram/Info.plist;
				INFOPLIST_KEY_UIApplicationSupportsIndirectInputEvents = YES;
				INFOPLIST_KEY_UILaunchStoryboardName = LaunchScreen;
				INFOPLIST_KEY_UIMainStoryboardFile = Main;
				INFOPLIST_KEY_UISupportedInterfaceOrientations_iPad = "UIInterfaceOrientationPortrait UIInterfaceOrientationPortraitUpsideDown UIInterfaceOrientationLandscapeLeft UIInterfaceOrientationLandscapeRight";
				INFOPLIST_KEY_UISupportedInterfaceOrientations_iPhone = "UIInterfaceOrientationPortrait UIInterfaceOrientationLandscapeLeft UIInterfaceOrientationLandscapeRight";
				LD_RUNPATH_SEARCH_PATHS = (
					"$(inherited)",
					"@executable_path/Frameworks",
				);
				MARKETING_VERSION = 1.0;
				PRODUCT_BUNDLE_IDENTIFIER = com.peytondillonadkins.Parstagram;
				PRODUCT_NAME = "$(TARGET_NAME)";
				SWIFT_EMIT_LOC_STRINGS = YES;
				SWIFT_VERSION = 5.0;
				TARGETED_DEVICE_FAMILY = "1,2";
			};
			name = Release;
		};
		B25E2DEE28EB69CD0004537D /* Debug */ = {
			isa = XCBuildConfiguration;
			buildSettings = {
				ALWAYS_EMBED_SWIFT_STANDARD_LIBRARIES = YES;
				BUNDLE_LOADER = "$(TEST_HOST)";
				CODE_SIGN_STYLE = Automatic;
				CURRENT_PROJECT_VERSION = 1;
				DEVELOPMENT_TEAM = DGBF225939;
				GENERATE_INFOPLIST_FILE = YES;
				IPHONEOS_DEPLOYMENT_TARGET = 16.0;
				MARKETING_VERSION = 1.0;
				PRODUCT_BUNDLE_IDENTIFIER = com.peytondillonadkins.ParstagramTests;
				PRODUCT_NAME = "$(TARGET_NAME)";
				SWIFT_EMIT_LOC_STRINGS = NO;
				SWIFT_VERSION = 5.0;
				TARGETED_DEVICE_FAMILY = "1,2";
				TEST_HOST = "$(BUILT_PRODUCTS_DIR)/Parstagram.app/$(BUNDLE_EXECUTABLE_FOLDER_PATH)/Parstagram";
			};
			name = Debug;
		};
		B25E2DEF28EB69CD0004537D /* Release */ = {
			isa = XCBuildConfiguration;
			buildSettings = {
				ALWAYS_EMBED_SWIFT_STANDARD_LIBRARIES = YES;
				BUNDLE_LOADER = "$(TEST_HOST)";
				CODE_SIGN_STYLE = Automatic;
				CURRENT_PROJECT_VERSION = 1;
				DEVELOPMENT_TEAM = DGBF225939;
				GENERATE_INFOPLIST_FILE = YES;
				IPHONEOS_DEPLOYMENT_TARGET = 16.0;
				MARKETING_VERSION = 1.0;
				PRODUCT_BUNDLE_IDENTIFIER = com.peytondillonadkins.ParstagramTests;
				PRODUCT_NAME = "$(TARGET_NAME)";
				SWIFT_EMIT_LOC_STRINGS = NO;
				SWIFT_VERSION = 5.0;
				TARGETED_DEVICE_FAMILY = "1,2";
				TEST_HOST = "$(BUILT_PRODUCTS_DIR)/Parstagram.app/$(BUNDLE_EXECUTABLE_FOLDER_PATH)/Parstagram";
			};
			name = Release;
		};
		B25E2DF128EB69CD0004537D /* Debug */ = {
			isa = XCBuildConfiguration;
			buildSettings = {
				ALWAYS_EMBED_SWIFT_STANDARD_LIBRARIES = YES;
				CODE_SIGN_STYLE = Automatic;
				CURRENT_PROJECT_VERSION = 1;
				DEVELOPMENT_TEAM = DGBF225939;
				GENERATE_INFOPLIST_FILE = YES;
				MARKETING_VERSION = 1.0;
				PRODUCT_BUNDLE_IDENTIFIER = com.peytondillonadkins.ParstagramUITests;
				PRODUCT_NAME = "$(TARGET_NAME)";
				SWIFT_EMIT_LOC_STRINGS = NO;
				SWIFT_VERSION = 5.0;
				TARGETED_DEVICE_FAMILY = "1,2";
				TEST_TARGET_NAME = Parstagram;
			};
			name = Debug;
		};
		B25E2DF228EB69CD0004537D /* Release */ = {
			isa = XCBuildConfiguration;
			buildSettings = {
				ALWAYS_EMBED_SWIFT_STANDARD_LIBRARIES = YES;
				CODE_SIGN_STYLE = Automatic;
				CURRENT_PROJECT_VERSION = 1;
				DEVELOPMENT_TEAM = DGBF225939;
				GENERATE_INFOPLIST_FILE = YES;
				MARKETING_VERSION = 1.0;
				PRODUCT_BUNDLE_IDENTIFIER = com.peytondillonadkins.ParstagramUITests;
				PRODUCT_NAME = "$(TARGET_NAME)";
				SWIFT_EMIT_LOC_STRINGS = NO;
				SWIFT_VERSION = 5.0;
				TARGETED_DEVICE_FAMILY = "1,2";
				TEST_TARGET_NAME = Parstagram;
			};
			name = Release;
		};
/* End XCBuildConfiguration section */

/* Begin XCConfigurationList section */
		B25E2DBB28EB69CB0004537D /* Build configuration list for PBXProject "Parstagram" */ = {
			isa = XCConfigurationList;
			buildConfigurations = (
				B25E2DE828EB69CD0004537D /* Debug */,
				B25E2DE928EB69CD0004537D /* Release */,
			);
			defaultConfigurationIsVisible = 0;
			defaultConfigurationName = Release;
		};
		B25E2DEA28EB69CD0004537D /* Build configuration list for PBXNativeTarget "Parstagram" */ = {
			isa = XCConfigurationList;
			buildConfigurations = (
				B25E2DEB28EB69CD0004537D /* Debug */,
				B25E2DEC28EB69CD0004537D /* Release */,
			);
			defaultConfigurationIsVisible = 0;
			defaultConfigurationName = Release;
		};
		B25E2DED28EB69CD0004537D /* Build configuration list for PBXNativeTarget "ParstagramTests" */ = {
			isa = XCConfigurationList;
			buildConfigurations = (
				B25E2DEE28EB69CD0004537D /* Debug */,
				B25E2DEF28EB69CD0004537D /* Release */,
			);
			defaultConfigurationIsVisible = 0;
			defaultConfigurationName = Release;
		};
		B25E2DF028EB69CD0004537D /* Build configuration list for PBXNativeTarget "ParstagramUITests" */ = {
			isa = XCConfigurationList;
			buildConfigurations = (
				B25E2DF128EB69CD0004537D /* Debug */,
				B25E2DF228EB69CD0004537D /* Release */,
			);
			defaultConfigurationIsVisible = 0;
			defaultConfigurationName = Release;
		};
/* End XCConfigurationList section */
	};
	rootObject = B25E2DB828EB69CB0004537D /* Project object */;
}
